
Microsoft Visual Studio Solution File, Format Version 12.00
# Visual Studio Version 17
VisualStudioVersion = 17.3.32811.315
MinimumVisualStudioVersion = 10.0.40219.1
Project("{FAE04EC0-301F-11D3-BF4B-00C04F79EFBC}") = "bai1_QLBH", "bai1_QLBH\bai1_QLBH.csproj", "{082DAE06-CDFD-486F-8C0C-FB9AF2C804A5}"
EndProject
Global
	GlobalSection(SolutionConfigurationPlatforms) = preSolution
		Debug|Any CPU = Debug|Any CPU
		Release|Any CPU = Release|Any CPU
	EndGlobalSection
	GlobalSection(ProjectConfigurationPlatforms) = postSolution
		{082DAE06-CDFD-486F-8C0C-FB9AF2C804A5}.Debug|Any CPU.ActiveCfg = Debug|Any CPU
		{082DAE06-CDFD-486F-8C0C-FB9AF2C804A5}.Debug|Any CPU.Build.0 = Debug|Any CPU
		{082DAE06-CDFD-486F-8C0C-FB9AF2C804A5}.Release|Any CPU.ActiveCfg = Release|Any CPU
		{082DAE06-CDFD-486F-8C0C-FB9AF2C804A5}.Release|Any CPU.Build.0 = Release|Any CPU
	EndGlobalSection
	GlobalSection(SolutionProperties) = preSolution
		HideSolutionNode = FALSE
	EndGlobalSection
	GlobalSection(ExtensibilityGlobals) = postSolution
		SolutionGuid = {88ADF602-CEB4-4D38-8EA2-F552845C0DD3}
	EndGlobalSection
EndGlobal
