
Microsoft Visual Studio Solution File, Format Version 12.00
# Visual Studio Version 17
VisualStudioVersion = 17.3.32811.315
MinimumVisualStudioVersion = 10.0.40219.1
Project("{FAE04EC0-301F-11D3-BF4B-00C04F79EFBC}") = "bai5", "bai5\bai5.csproj", "{82619A1F-AE33-4A24-8EC0-B0AEBAB932A0}"
EndProject
Global
	GlobalSection(SolutionConfigurationPlatforms) = preSolution
		Debug|Any CPU = Debug|Any CPU
		Release|Any CPU = Release|Any CPU
	EndGlobalSection
	GlobalSection(ProjectConfigurationPlatforms) = postSolution
		{82619A1F-AE33-4A24-8EC0-B0AEBAB932A0}.Debug|Any CPU.ActiveCfg = Debug|Any CPU
		{82619A1F-AE33-4A24-8EC0-B0AEBAB932A0}.Debug|Any CPU.Build.0 = Debug|Any CPU
		{82619A1F-AE33-4A24-8EC0-B0AEBAB932A0}.Release|Any CPU.ActiveCfg = Release|Any CPU
		{82619A1F-AE33-4A24-8EC0-B0AEBAB932A0}.Release|Any CPU.Build.0 = Release|Any CPU
	EndGlobalSection
	GlobalSection(SolutionProperties) = preSolution
		HideSolutionNode = FALSE
	EndGlobalSection
	GlobalSection(ExtensibilityGlobals) = postSolution
		SolutionGuid = {DD7F9DE3-AF87-465B-A02E-9E9E95304516}
	EndGlobalSection
EndGlobal
